<?xml version="1.0" encoding="utf-8"?>
<Project ToolsVersion="4.0" xmlns="http://schemas.microsoft.com/developer/msbuild/2003">
  <ItemGroup>
    <Filter Include="Moza">
      <UniqueIdentifier>{FC30897C-E867-8A0D-9154-70107D6A060F}</UniqueIdentifier>
    </Filter>
  </ItemGroup>
  <ItemGroup>
    <ClInclude Include="src\Moza.h" />
    <ClInclude Include="src\Moza\Application.h">
      <Filter>Moza</Filter>
    </ClInclude>
    <ClInclude Include="src\Moza\Core.h">
      <Filter>Moza</Filter>
    </ClInclude>
    <ClInclude Include="src\Moza\EntryPoint.h">
      <Filter>Moza</Filter>
    </ClInclude>
    <ClInclude Include="src\Moza\Log.h">
      <Filter>Moza</Filter>
    </ClInclude>
  </ItemGroup>
  <ItemGroup>
    <ClCompile Include="src\Moza\Application.cpp">
      <Filter>Moza</Filter>
    </ClCompile>
    <ClCompile Include="src\Moza\Log.cpp">
      <Filter>Moza</Filter>
    </ClCompile>
  </ItemGroup>
</Project>