<?xml version="1.0" encoding="utf-8"?>
<Project ToolsVersion="4.0" xmlns="http://schemas.microsoft.com/developer/msbuild/2003">
  <ItemGroup>
    <Filter Include="Moza">
      <UniqueIdentifier>{FC30897C-E867-8A0D-9154-70107D6A060F}</UniqueIdentifier>
    </Filter>
    <Filter Include="Moza\Events">
      <UniqueIdentifier>{6069969C-CC1E-0F92-5513-0969C1C70596}</UniqueIdentifier>
    </Filter>
    <Filter Include="Platform">
      <UniqueIdentifier>{2AC788B4-1694-E3BF-3FAD-D1672BD9184E}</UniqueIdentifier>
    </Filter>
    <Filter Include="Platform\Windows">
      <UniqueIdentifier>{64FBD71A-50F4-F66C-7926-DCF1657ED678}</UniqueIdentifier>
    </Filter>
  </ItemGroup>
  <ItemGroup>
    <ClInclude Include="src\Moza.h" />
    <ClInclude Include="src\Moza\Application.h">
      <Filter>Moza</Filter>
    </ClInclude>
    <ClInclude Include="src\Moza\Core.h">
      <Filter>Moza</Filter>
    </ClInclude>
    <ClInclude Include="src\Moza\EntryPoint.h">
      <Filter>Moza</Filter>
    </ClInclude>
    <ClInclude Include="src\Moza\Events\ApplicationEvent.h">
      <Filter>Moza\Events</Filter>
    </ClInclude>
    <ClInclude Include="src\Moza\Events\Event.h">
      <Filter>Moza\Events</Filter>
    </ClInclude>
    <ClInclude Include="src\Moza\Events\KeyEvent.h">
      <Filter>Moza\Events</Filter>
    </ClInclude>
    <ClInclude Include="src\Moza\Events\MouseEvent.h">
      <Filter>Moza\Events</Filter>
    </ClInclude>
    <ClInclude Include="src\Moza\Log.h">
      <Filter>Moza</Filter>
    </ClInclude>
    <ClInclude Include="src\Moza\Window.h">
      <Filter>Moza</Filter>
    </ClInclude>
    <ClInclude Include="src\Platform\Windows\WindowsWindow.h">
      <Filter>Platform\Windows</Filter>
    </ClInclude>
    <ClInclude Include="src\mzpch.h" />
  </ItemGroup>
  <ItemGroup>
    <ClCompile Include="src\Moza\Application.cpp">
      <Filter>Moza</Filter>
    </ClCompile>
    <ClCompile Include="src\Moza\Log.cpp">
      <Filter>Moza</Filter>
    </ClCompile>
    <ClCompile Include="src\Platform\Windows\WindowsWindow.cpp">
      <Filter>Platform\Windows</Filter>
    </ClCompile>
    <ClCompile Include="src\mzpch.cpp" />
  </ItemGroup>
</Project>